{
    "_readme": [
        "This file locks the dependencies of your project to a known state",
        "Read more about it at https://getcomposer.org/doc/01-basic-usage.md#composer-lock-the-lock-file",
        "This file is @generated automatically"
    ],
    "content-hash": "4d3d826d3eee92d709e0c5c2e96b7dbe",
    "packages": [
        {
            "name": "eab-dsvenss/php-laravel-util",
            "version": "dev-master",
            "source": {
                "type": "git",
                "url": "https://github.com/eab-dsvenss/php-laravel-util.git",
                "reference": "649b7c160e910c3a127330cf6a907ec5dfdec6ba"
            },
            "dist": {
                "type": "zip",
                "url": "https://api.github.com/repos/eab-dsvenss/php-laravel-util/zipball/649b7c160e910c3a127330cf6a907ec5dfdec6ba",
                "reference": "649b7c160e910c3a127330cf6a907ec5dfdec6ba",
                "shasum": ""
            },
            "type": "library",
            "autoload": {
                "psr-4": {
                    "se\\eab\\php\\laravel\\util\\": "src/"
                }
            },
            "notification-url": "https://packagist.org/downloads/",
            "authors": [
                {
                    "name": "Daniel Svensson"
                }
            ],
            "description": "PHP Util classes",
            "time": "2018-03-12T14:18:23+00:00"
        }
    ],
    "packages-dev": [],
    "aliases": [],
    "minimum-stability": "dev",
    "stability-flags": {
        "eab-dsvenss/php-laravel-util": 20
    },
    "prefer-stable": false,
    "prefer-lowest": false,
    "platform": [],
    "platform-dev": []
}
